
Microsoft Visual Studio Solution File, Format Version 12.00
# Visual Studio Version 16
VisualStudioVersion = 16.0.29905.134
MinimumVisualStudioVersion = 10.0.40219.1
Project("{FAE04EC0-301F-11D3-BF4B-00C04F79EFBC}") = "UserActivity", "UserActivity\UserActivity.csproj", "{AA249BF9-CAEF-46C5-A877-70E83F9F81B4}"
EndProject
Global
	GlobalSection(SolutionConfigurationPlatforms) = preSolution
		Debug|Any CPU = Debug|Any CPU
		Release|Any CPU = Release|Any CPU
	EndGlobalSection
	GlobalSection(ProjectConfigurationPlatforms) = postSolution
		{AA249BF9-CAEF-46C5-A877-70E83F9F81B4}.Debug|Any CPU.ActiveCfg = Debug|Any CPU
		{AA249BF9-CAEF-46C5-A877-70E83F9F81B4}.Debug|Any CPU.Build.0 = Debug|Any CPU
		{AA249BF9-CAEF-46C5-A877-70E83F9F81B4}.Release|Any CPU.ActiveCfg = Release|Any CPU
		{AA249BF9-CAEF-46C5-A877-70E83F9F81B4}.Release|Any CPU.Build.0 = Release|Any CPU
	EndGlobalSection
	GlobalSection(SolutionProperties) = preSolution
		HideSolutionNode = FALSE
	EndGlobalSection
	GlobalSection(ExtensibilityGlobals) = postSolution
		SolutionGuid = {573468BC-62DD-4663-8B87-22F08F54703B}
	EndGlobalSection
EndGlobal
