
Microsoft Visual Studio Solution File, Format Version 12.00
# Visual Studio Version 16
VisualStudioVersion = 16.0.29905.134
MinimumVisualStudioVersion = 10.0.40219.1
Project("{FAE04EC0-301F-11D3-BF4B-00C04F79EFBC}") = "UserActivity", "UserActivity\UserActivity.csproj", "{35A2D27C-6E98-4FF2-85C5-36EBBD1AD149}"
EndProject
Global
	GlobalSection(SolutionConfigurationPlatforms) = preSolution
		Debug|Any CPU = Debug|Any CPU
		Release|Any CPU = Release|Any CPU
	EndGlobalSection
	GlobalSection(ProjectConfigurationPlatforms) = postSolution
		{35A2D27C-6E98-4FF2-85C5-36EBBD1AD149}.Debug|Any CPU.ActiveCfg = Debug|Any CPU
		{35A2D27C-6E98-4FF2-85C5-36EBBD1AD149}.Debug|Any CPU.Build.0 = Debug|Any CPU
		{35A2D27C-6E98-4FF2-85C5-36EBBD1AD149}.Release|Any CPU.ActiveCfg = Release|Any CPU
		{35A2D27C-6E98-4FF2-85C5-36EBBD1AD149}.Release|Any CPU.Build.0 = Release|Any CPU
	EndGlobalSection
	GlobalSection(SolutionProperties) = preSolution
		HideSolutionNode = FALSE
	EndGlobalSection
	GlobalSection(ExtensibilityGlobals) = postSolution
		SolutionGuid = {CFBCC431-0425-4243-AE1B-A6385ACD6E36}
	EndGlobalSection
EndGlobal
